{
  "name": "@malakhov-dmitrii/agent-process-kit",
  "version": "0.2.0",
  "lockfileVersion": 3,
  "requires": true,
  "packages": {
    "": {
      "name": "@malakhov-dmitrii/agent-process-kit",
      "version": "0.2.0",
      "license": "MIT",
      "bin": {
        "agent-process-kit": "bin/agent-process-kit.mjs"
      },
      "engines": {
        "node": ">=22"
      }
    }
  }
}
